
Microsoft Visual Studio Solution File, Format Version 12.00
# Visual Studio 15
VisualStudioVersion = 15.0.27130.2027
MinimumVisualStudioVersion = 10.0.40219.1
Project("{FAE04EC0-301F-11D3-BF4B-00C04F79EFBC}") = "SimpleCSharpApp", "SimpleCSharpApp\SimpleCSharpApp.csproj", "{956C9B43-4C24-4FEB-806B-8BAAC2A5ACD4}"
EndProject
Global
	GlobalSection(SolutionConfigurationPlatforms) = preSolution
		Debug|Any CPU = Debug|Any CPU
		Release|Any CPU = Release|Any CPU
	EndGlobalSection
	GlobalSection(ProjectConfigurationPlatforms) = postSolution
		{956C9B43-4C24-4FEB-806B-8BAAC2A5ACD4}.Debug|Any CPU.ActiveCfg = Debug|Any CPU
		{956C9B43-4C24-4FEB-806B-8BAAC2A5ACD4}.Debug|Any CPU.Build.0 = Debug|Any CPU
		{956C9B43-4C24-4FEB-806B-8BAAC2A5ACD4}.Release|Any CPU.ActiveCfg = Release|Any CPU
		{956C9B43-4C24-4FEB-806B-8BAAC2A5ACD4}.Release|Any CPU.Build.0 = Release|Any CPU
	EndGlobalSection
	GlobalSection(SolutionProperties) = preSolution
		HideSolutionNode = FALSE
	EndGlobalSection
	GlobalSection(ExtensibilityGlobals) = postSolution
		SolutionGuid = {3FB1539D-0387-4781-A0DA-6F2E3E2D0485}
	EndGlobalSection
EndGlobal
